
Microsoft Visual Studio Solution File, Format Version 12.00
# Visual Studio Version 16
VisualStudioVersion = 16.0.30804.86
MinimumVisualStudioVersion = 10.0.40219.1
Project("{FAE04EC0-301F-11D3-BF4B-00C04F79EFBC}") = "RimNotes", "RimNotes\RimNotes.csproj", "{776F1782-A398-4FDC-8B52-80B8EDDDF01B}"
EndProject
Global
	GlobalSection(SolutionConfigurationPlatforms) = preSolution
		Debug|Any CPU = Debug|Any CPU
		Release|Any CPU = Release|Any CPU
	EndGlobalSection
	GlobalSection(ProjectConfigurationPlatforms) = postSolution
		{776F1782-A398-4FDC-8B52-80B8EDDDF01B}.Debug|Any CPU.ActiveCfg = Debug|Any CPU
		{776F1782-A398-4FDC-8B52-80B8EDDDF01B}.Debug|Any CPU.Build.0 = Debug|Any CPU
		{776F1782-A398-4FDC-8B52-80B8EDDDF01B}.Release|Any CPU.ActiveCfg = Release|Any CPU
		{776F1782-A398-4FDC-8B52-80B8EDDDF01B}.Release|Any CPU.Build.0 = Release|Any CPU
	EndGlobalSection
	GlobalSection(SolutionProperties) = preSolution
		HideSolutionNode = FALSE
	EndGlobalSection
	GlobalSection(ExtensibilityGlobals) = postSolution
		SolutionGuid = {1BD7AE46-07B5-46E5-B39F-D5DE8C54B2A9}
	EndGlobalSection
EndGlobal
